<?xml version="1.0" encoding="UTF-8"?>
<Scheme
   LastUpgradeVersion = "1140"
   version = "1.3">
   <BuildAction
      parallelizeBuildables = "YES"
      buildImplicitDependencies = "YES">
      <BuildActionEntries>
         <BuildActionEntry
            buildForTesting = "YES"
            buildForRunning = "YES"
            buildForProfiling = "YES"
            buildForArchiving = "YES"
            buildForAnalyzing = "YES">
            <BuildableReference
               BuildableIdentifier = "primary"
               BlueprintIdentifier = "4BFA229B23A63B55008D7BCB"
               BuildableName = "VergeCore.framework"
               BlueprintName = "VergeCore"
               ReferencedContainer = "container:Verge.xcodeproj">
            </BuildableReference>
         </BuildActionEntry>
         <BuildActionEntry
            buildForTesting = "YES"
            buildForRunning = "YES"
            buildForProfiling = "YES"
            buildForArchiving = "YES"
            buildForAnalyzing = "YES">
            <BuildableReference
               BuildableIdentifier = "primary"
               BlueprintIdentifier = "4B86A4851F969AD5002D54FE"
               BuildableName = "VergeClassic.framework"
               BlueprintName = "VergeClassic"
               ReferencedContainer = "container:Verge.xcodeproj">
            </BuildableReference>
         </BuildActionEntry>
         <BuildActionEntry
            buildForTesting = "YES"
            buildForRunning = "YES"
            buildForProfiling = "YES"
            buildForArchiving = "YES"
            buildForAnalyzing = "YES">
            <BuildableReference
               BuildableIdentifier = "primary"
               BlueprintIdentifier = "4BE9454E23AD1B180060F977"
               BuildableName = "VergeCoreTests.xctest"
               BlueprintName = "VergeCoreTests"
               ReferencedContainer = "container:Verge.xcodeproj">
            </BuildableReference>
         </BuildActionEntry>
         <BuildActionEntry
            buildForTesting = "YES"
            buildForRunning = "YES"
            buildForProfiling = "YES"
            buildForArchiving = "YES"
            buildForAnalyzing = "YES">
            <BuildableReference
               BuildableIdentifier = "primary"
               BlueprintIdentifier = "4B475BB1239AB954008A03E1"
               BuildableName = "VergeORM.framework"
               BlueprintName = "VergeORM"
               ReferencedContainer = "container:Verge.xcodeproj">
            </BuildableReference>
         </BuildActionEntry>
         <BuildActionEntry
            buildForTesting = "YES"
            buildForRunning = "YES"
            buildForProfiling = "YES"
            buildForArchiving = "YES"
            buildForAnalyzing = "YES">
            <BuildableReference
               BuildableIdentifier = "primary"
               BlueprintIdentifier = "4B475BC4239ADE1C008A03E1"
               BuildableName = "VergeORMTests.xctest"
               BlueprintName = "VergeORMTests"
               ReferencedContainer = "container:Verge.xcodeproj">
            </BuildableReference>
         </BuildActionEntry>
         <BuildActionEntry
            buildForTesting = "YES"
            buildForRunning = "YES"
            buildForProfiling = "YES"
            buildForArchiving = "YES"
            buildForAnalyzing = "YES">
            <BuildableReference
               BuildableIdentifier = "primary"
               BlueprintIdentifier = "4B17438E23C766D70074C457"
               BuildableName = "VergeRx.framework"
               BlueprintName = "VergeRx"
               ReferencedContainer = "container:Verge.xcodeproj">
            </BuildableReference>
         </BuildActionEntry>
         <BuildActionEntry
            buildForTesting = "YES"
            buildForRunning = "YES"
            buildForProfiling = "YES"
            buildForArchiving = "YES"
            buildForAnalyzing = "YES">
            <BuildableReference
               BuildableIdentifier = "primary"
               BlueprintIdentifier = "4B1743A623C767670074C457"
               BuildableName = "VergeRxTests.xctest"
               BlueprintName = "VergeRxTests"
               ReferencedContainer = "container:Verge.xcodeproj">
            </BuildableReference>
         </BuildActionEntry>
         <BuildActionEntry
            buildForTesting = "YES"
            buildForRunning = "YES"
            buildForProfiling = "YES"
            buildForArchiving = "YES"
            buildForAnalyzing = "YES">
            <BuildableReference
               BuildableIdentifier = "primary"
               BlueprintIdentifier = "4B78631F233912AB009B9C1B"
               BuildableName = "VergeStore.framework"
               BlueprintName = "VergeStore"
               ReferencedContainer = "container:Verge.xcodeproj">
            </BuildableReference>
         </BuildActionEntry>
         <BuildActionEntry
            buildForTesting = "YES"
            buildForRunning = "YES"
            buildForProfiling = "YES"
            buildForArchiving = "YES"
            buildForAnalyzing = "YES">
            <BuildableReference
               BuildableIdentifier = "primary"
               BlueprintIdentifier = "4B68394323705ACD002FFC5A"
               BuildableName = "VergeStoreTests.xctest"
               BlueprintName = "VergeStoreTests"
               ReferencedContainer = "container:Verge.xcodeproj">
            </BuildableReference>
         </BuildActionEntry>
         <BuildActionEntry
            buildForTesting = "YES"
            buildForRunning = "YES"
            buildForProfiling = "YES"
            buildForArchiving = "YES"
            buildForAnalyzing = "YES">
            <BuildableReference
               BuildableIdentifier = "primary"
               BlueprintIdentifier = "4B65F8EB1FB4C0DC00A90A67"
               BuildableName = "VergeTests.xctest"
               BlueprintName = "VergeTests"
               ReferencedContainer = "container:Verge.xcodeproj">
            </BuildableReference>
         </BuildActionEntry>
      </BuildActionEntries>
   </BuildAction>
   <TestAction
      buildConfiguration = "Debug"
      selectedDebuggerIdentifier = "Xcode.DebuggerFoundation.Debugger.LLDB"
      selectedLauncherIdentifier = "Xcode.DebuggerFoundation.Launcher.LLDB"
      shouldUseLaunchSchemeArgsEnv = "YES">
      <Testables>
         <TestableReference
            skipped = "NO">
            <BuildableReference
               BuildableIdentifier = "primary"
               BlueprintIdentifier = "4BE9454E23AD1B180060F977"
               BuildableName = "VergeCoreTests.xctest"
               BlueprintName = "VergeCoreTests"
               ReferencedContainer = "container:Verge.xcodeproj">
            </BuildableReference>
         </TestableReference>
         <TestableReference
            skipped = "NO">
            <BuildableReference
               BuildableIdentifier = "primary"
               BlueprintIdentifier = "4B475BC4239ADE1C008A03E1"
               BuildableName = "VergeORMTests.xctest"
               BlueprintName = "VergeORMTests"
               ReferencedContainer = "container:Verge.xcodeproj">
            </BuildableReference>
         </TestableReference>
         <TestableReference
            skipped = "NO">
            <BuildableReference
               BuildableIdentifier = "primary"
               BlueprintIdentifier = "4B1743A623C767670074C457"
               BuildableName = "VergeRxTests.xctest"
               BlueprintName = "VergeRxTests"
               ReferencedContainer = "container:Verge.xcodeproj">
            </BuildableReference>
            <SkippedTests>
               <Test
                  Identifier = "ReproduceDeadlockTests/testReproduceDeadlock()">
               </Test>
            </SkippedTests>
         </TestableReference>
         <TestableReference
            skipped = "NO">
            <BuildableReference
               BuildableIdentifier = "primary"
               BlueprintIdentifier = "4B68394323705ACD002FFC5A"
               BuildableName = "VergeStoreTests.xctest"
               BlueprintName = "VergeStoreTests"
               ReferencedContainer = "container:Verge.xcodeproj">
            </BuildableReference>
            <SkippedTests>
               <Test
                  Identifier = "GetterTests/testChain()">
               </Test>
               <Test
                  Identifier = "VergeStoreTests/testDeadlock()">
               </Test>
               <Test
                  Identifier = "VergeStoreTests/testOrderOfEvents()">
               </Test>
            </SkippedTests>
         </TestableReference>
         <TestableReference
            skipped = "NO">
            <BuildableReference
               BuildableIdentifier = "primary"
               BlueprintIdentifier = "4B65F8EB1FB4C0DC00A90A67"
               BuildableName = "VergeTests.xctest"
               BlueprintName = "VergeTests"
               ReferencedContainer = "container:Verge.xcodeproj">
            </BuildableReference>
         </TestableReference>
      </Testables>
   </TestAction>
   <LaunchAction
      buildConfiguration = "Debug"
      selectedDebuggerIdentifier = "Xcode.DebuggerFoundation.Debugger.LLDB"
      selectedLauncherIdentifier = "Xcode.DebuggerFoundation.Launcher.LLDB"
      launchStyle = "0"
      useCustomWorkingDirectory = "NO"
      ignoresPersistentStateOnLaunch = "NO"
      debugDocumentVersioning = "YES"
      debugServiceExtension = "internal"
      allowLocationSimulation = "YES">
   </LaunchAction>
   <ProfileAction
      buildConfiguration = "Debug"
      shouldUseLaunchSchemeArgsEnv = "YES"
      savedToolIdentifier = ""
      useCustomWorkingDirectory = "NO"
      debugDocumentVersioning = "YES">
      <MacroExpansion>
         <BuildableReference
            BuildableIdentifier = "primary"
            BlueprintIdentifier = "4BFA229B23A63B55008D7BCB"
            BuildableName = "VergeCore.framework"
            BlueprintName = "VergeCore"
            ReferencedContainer = "container:Verge.xcodeproj">
         </BuildableReference>
      </MacroExpansion>
   </ProfileAction>
   <AnalyzeAction
      buildConfiguration = "Debug">
   </AnalyzeAction>
   <ArchiveAction
      buildConfiguration = "Release"
      revealArchiveInOrganizer = "YES">
   </ArchiveAction>
</Scheme>
