// !$*UTF8*$!
{
	archiveVersion = 1;
	classes = {
	};
	objectVersion = 56;
	objects = {

/* Begin PBXBuildFile section */
		4B59EF0D2A0CD8E7009367E3 /* StoreReaderDemoApp.swift in Sources */ = {isa = PBXBuildFile; fileRef = 4B59EF0C2A0CD8E7009367E3 /* StoreReaderDemoApp.swift */; };
		4B59EF0F2A0CD8E7009367E3 /* ContentView.swift in Sources */ = {isa = PBXBuildFile; fileRef = 4B59EF0E2A0CD8E7009367E3 /* ContentView.swift */; };
		4B59EF112A0CD8E8009367E3 /* Assets.xcassets in Resources */ = {isa = PBXBuildFile; fileRef = 4B59EF102A0CD8E8009367E3 /* Assets.xcassets */; };
		4B59EF142A0CD8E8009367E3 /* Preview Assets.xcassets in Resources */ = {isa = PBXBuildFile; fileRef = 4B59EF132A0CD8E8009367E3 /* Preview Assets.xcassets */; };
		4B59EF1D2A0CD91F009367E3 /* SwiftUIHosting in Frameworks */ = {isa = PBXBuildFile; productRef = 4B59EF1C2A0CD91F009367E3 /* SwiftUIHosting */; };
		4BDE18342A0CD9D700BC133B /* Verge in Frameworks */ = {isa = PBXBuildFile; productRef = 4BDE18332A0CD9D700BC133B /* Verge */; };
/* End PBXBuildFile section */

/* Begin PBXFileReference section */
		4B59EF092A0CD8E7009367E3 /* StoreReaderDemo.app */ = {isa = PBXFileReference; explicitFileType = wrapper.application; includeInIndex = 0; path = StoreReaderDemo.app; sourceTree = BUILT_PRODUCTS_DIR; };
		4B59EF0C2A0CD8E7009367E3 /* StoreReaderDemoApp.swift */ = {isa = PBXFileReference; lastKnownFileType = sourcecode.swift; path = StoreReaderDemoApp.swift; sourceTree = "<group>"; };
		4B59EF0E2A0CD8E7009367E3 /* ContentView.swift */ = {isa = PBXFileReference; lastKnownFileType = sourcecode.swift; path = ContentView.swift; sourceTree = "<group>"; };
		4B59EF102A0CD8E8009367E3 /* Assets.xcassets */ = {isa = PBXFileReference; lastKnownFileType = folder.assetcatalog; path = Assets.xcassets; sourceTree = "<group>"; };
		4B59EF132A0CD8E8009367E3 /* Preview Assets.xcassets */ = {isa = PBXFileReference; lastKnownFileType = folder.assetcatalog; path = "Preview Assets.xcassets"; sourceTree = "<group>"; };
		4B59EF1A2A0CD8F0009367E3 /* Verge */ = {isa = PBXFileReference; lastKnownFileType = wrapper; name = Verge; path = ..; sourceTree = "<group>"; };
/* End PBXFileReference section */

/* Begin PBXFrameworksBuildPhase section */
		4B59EF062A0CD8E7009367E3 /* Frameworks */ = {
			isa = PBXFrameworksBuildPhase;
			buildActionMask = 2147483647;
			files = (
				4BDE18342A0CD9D700BC133B /* Verge in Frameworks */,
				4B59EF1D2A0CD91F009367E3 /* SwiftUIHosting in Frameworks */,
			);
			runOnlyForDeploymentPostprocessing = 0;
		};
/* End PBXFrameworksBuildPhase section */

/* Begin PBXGroup section */
		4B59EF002A0CD8E7009367E3 = {
			isa = PBXGroup;
			children = (
				4B59EF1A2A0CD8F0009367E3 /* Verge */,
				4B59EF0B2A0CD8E7009367E3 /* StoreReaderDemo */,
				4B59EF0A2A0CD8E7009367E3 /* Products */,
				4BDE18322A0CD9D700BC133B /* Frameworks */,
			);
			sourceTree = "<group>";
		};
		4B59EF0A2A0CD8E7009367E3 /* Products */ = {
			isa = PBXGroup;
			children = (
				4B59EF092A0CD8E7009367E3 /* StoreReaderDemo.app */,
			);
			name = Products;
			sourceTree = "<group>";
		};
		4B59EF0B2A0CD8E7009367E3 /* StoreReaderDemo */ = {
			isa = PBXGroup;
			children = (
				4B59EF0C2A0CD8E7009367E3 /* StoreReaderDemoApp.swift */,
				4B59EF0E2A0CD8E7009367E3 /* ContentView.swift */,
				4B59EF102A0CD8E8009367E3 /* Assets.xcassets */,
				4B59EF122A0CD8E8009367E3 /* Preview Content */,
			);
			path = StoreReaderDemo;
			sourceTree = "<group>";
		};
		4B59EF122A0CD8E8009367E3 /* Preview Content */ = {
			isa = PBXGroup;
			children = (
				4B59EF132A0CD8E8009367E3 /* Preview Assets.xcassets */,
			);
			path = "Preview Content";
			sourceTree = "<group>";
		};
		4BDE18322A0CD9D700BC133B /* Frameworks */ = {
			isa = PBXGroup;
			children = (
			);
			name = Frameworks;
			sourceTree = "<group>";
		};
/* End PBXGroup section */

/* Begin PBXNativeTarget section */
		4B59EF082A0CD8E7009367E3 /* StoreReaderDemo */ = {
			isa = PBXNativeTarget;
			buildConfigurationList = 4B59EF172A0CD8E8009367E3 /* Build configuration list for PBXNativeTarget "StoreReaderDemo" */;
			buildPhases = (
				4B59EF052A0CD8E7009367E3 /* Sources */,
				4B59EF062A0CD8E7009367E3 /* Frameworks */,
				4B59EF072A0CD8E7009367E3 /* Resources */,
			);
			buildRules = (
			);
			dependencies = (
			);
			name = StoreReaderDemo;
			packageProductDependencies = (
				4B59EF1C2A0CD91F009367E3 /* SwiftUIHosting */,
				4BDE18332A0CD9D700BC133B /* Verge */,
			);
			productName = StoreReaderDemo;
			productReference = 4B59EF092A0CD8E7009367E3 /* StoreReaderDemo.app */;
			productType = "com.apple.product-type.application";
		};
/* End PBXNativeTarget section */

/* Begin PBXProject section */
		4B59EF012A0CD8E7009367E3 /* Project object */ = {
			isa = PBXProject;
			attributes = {
				BuildIndependentTargetsInParallel = 1;
				LastSwiftUpdateCheck = 1430;
				LastUpgradeCheck = 1430;
				TargetAttributes = {
					4B59EF082A0CD8E7009367E3 = {
						CreatedOnToolsVersion = 14.3;
					};
				};
			};
			buildConfigurationList = 4B59EF042A0CD8E7009367E3 /* Build configuration list for PBXProject "StoreReaderDemo" */;
			compatibilityVersion = "Xcode 14.0";
			developmentRegion = en;
			hasScannedForEncodings = 0;
			knownRegions = (
				en,
				Base,
			);
			mainGroup = 4B59EF002A0CD8E7009367E3;
			packageReferences = (
				4B59EF1B2A0CD91F009367E3 /* XCRemoteSwiftPackageReference "swiftui-hosting" */,
			);
			productRefGroup = 4B59EF0A2A0CD8E7009367E3 /* Products */;
			projectDirPath = "";
			projectRoot = "";
			targets = (
				4B59EF082A0CD8E7009367E3 /* StoreReaderDemo */,
			);
		};
/* End PBXProject section */

/* Begin PBXResourcesBuildPhase section */
		4B59EF072A0CD8E7009367E3 /* Resources */ = {
			isa = PBXResourcesBuildPhase;
			buildActionMask = 2147483647;
			files = (
				4B59EF142A0CD8E8009367E3 /* Preview Assets.xcassets in Resources */,
				4B59EF112A0CD8E8009367E3 /* Assets.xcassets in Resources */,
			);
			runOnlyForDeploymentPostprocessing = 0;
		};
/* End PBXResourcesBuildPhase section */

/* Begin PBXSourcesBuildPhase section */
		4B59EF052A0CD8E7009367E3 /* Sources */ = {
			isa = PBXSourcesBuildPhase;
			buildActionMask = 2147483647;
			files = (
				4B59EF0F2A0CD8E7009367E3 /* ContentView.swift in Sources */,
				4B59EF0D2A0CD8E7009367E3 /* StoreReaderDemoApp.swift in Sources */,
			);
			runOnlyForDeploymentPostprocessing = 0;
		};
/* End PBXSourcesBuildPhase section */

/* Begin XCBuildConfiguration section */
		4B59EF152A0CD8E8009367E3 /* Debug */ = {
			isa = XCBuildConfiguration;
			buildSettings = {
				ALWAYS_SEARCH_USER_PATHS = NO;
				CLANG_ANALYZER_NONNULL = YES;
				CLANG_ANALYZER_NUMBER_OBJECT_CONVERSION = YES_AGGRESSIVE;
				CLANG_CXX_LANGUAGE_STANDARD = "gnu++20";
				CLANG_ENABLE_MODULES = YES;
				CLANG_ENABLE_OBJC_ARC = YES;
				CLANG_ENABLE_OBJC_WEAK = YES;
				CLANG_WARN_BLOCK_CAPTURE_AUTORELEASING = YES;
				CLANG_WARN_BOOL_CONVERSION = YES;
				CLANG_WARN_COMMA = YES;
				CLANG_WARN_CONSTANT_CONVERSION = YES;
				CLANG_WARN_DEPRECATED_OBJC_IMPLEMENTATIONS = YES;
				CLANG_WARN_DIRECT_OBJC_ISA_USAGE = YES_ERROR;
				CLANG_WARN_DOCUMENTATION_COMMENTS = YES;
				CLANG_WARN_EMPTY_BODY = YES;
				CLANG_WARN_ENUM_CONVERSION = YES;
				CLANG_WARN_INFINITE_RECURSION = YES;
				CLANG_WARN_INT_CONVERSION = YES;
				CLANG_WARN_NON_LITERAL_NULL_CONVERSION = YES;
				CLANG_WARN_OBJC_IMPLICIT_RETAIN_SELF = YES;
				CLANG_WARN_OBJC_LITERAL_CONVERSION = YES;
				CLANG_WARN_OBJC_ROOT_CLASS = YES_ERROR;
				CLANG_WARN_QUOTED_INCLUDE_IN_FRAMEWORK_HEADER = YES;
				CLANG_WARN_RANGE_LOOP_ANALYSIS = YES;
				CLANG_WARN_STRICT_PROTOTYPES = YES;
				CLANG_WARN_SUSPICIOUS_MOVE = YES;
				CLANG_WARN_UNGUARDED_AVAILABILITY = YES_AGGRESSIVE;
				CLANG_WARN_UNREACHABLE_CODE = YES;
				CLANG_WARN__DUPLICATE_METHOD_MATCH = YES;
				COPY_PHASE_STRIP = NO;
				DEBUG_INFORMATION_FORMAT = dwarf;
				ENABLE_STRICT_OBJC_MSGSEND = YES;
				ENABLE_TESTABILITY = YES;
				GCC_C_LANGUAGE_STANDARD = gnu11;
				GCC_DYNAMIC_NO_PIC = NO;
				GCC_NO_COMMON_BLOCKS = YES;
				GCC_OPTIMIZATION_LEVEL = 0;
				GCC_PREPROCESSOR_DEFINITIONS = (
					"DEBUG=1",
					"$(inherited)",
				);
				GCC_WARN_64_TO_32_BIT_CONVERSION = YES;
				GCC_WARN_ABOUT_RETURN_TYPE = YES_ERROR;
				GCC_WARN_UNDECLARED_SELECTOR = YES;
				GCC_WARN_UNINITIALIZED_AUTOS = YES_AGGRESSIVE;
				GCC_WARN_UNUSED_FUNCTION = YES;
				GCC_WARN_UNUSED_VARIABLE = YES;
				IPHONEOS_DEPLOYMENT_TARGET = 16.4;
				MTL_ENABLE_DEBUG_INFO = INCLUDE_SOURCE;
				MTL_FAST_MATH = YES;
				ONLY_ACTIVE_ARCH = YES;
				SDKROOT = iphoneos;
				SWIFT_ACTIVE_COMPILATION_CONDITIONS = DEBUG;
				SWIFT_OPTIMIZATION_LEVEL = "-Onone";
			};
			name = Debug;
		};
		4B59EF162A0CD8E8009367E3 /* Release */ = {
			isa = XCBuildConfiguration;
			buildSettings = {
				ALWAYS_SEARCH_USER_PATHS = NO;
				CLANG_ANALYZER_NONNULL = YES;
				CLANG_ANALYZER_NUMBER_OBJECT_CONVERSION = YES_AGGRESSIVE;
				CLANG_CXX_LANGUAGE_STANDARD = "gnu++20";
				CLANG_ENABLE_MODULES = YES;
				CLANG_ENABLE_OBJC_ARC = YES;
				CLANG_ENABLE_OBJC_WEAK = YES;
				CLANG_WARN_BLOCK_CAPTURE_AUTORELEASING = YES;
				CLANG_WARN_BOOL_CONVERSION = YES;
				CLANG_WARN_COMMA = YES;
				CLANG_WARN_CONSTANT_CONVERSION = YES;
				CLANG_WARN_DEPRECATED_OBJC_IMPLEMENTATIONS = YES;
				CLANG_WARN_DIRECT_OBJC_ISA_USAGE = YES_ERROR;
				CLANG_WARN_DOCUMENTATION_COMMENTS = YES;
				CLANG_WARN_EMPTY_BODY = YES;
				CLANG_WARN_ENUM_CONVERSION = YES;
				CLANG_WARN_INFINITE_RECURSION = YES;
				CLANG_WARN_INT_CONVERSION = YES;
				CLANG_WARN_NON_LITERAL_NULL_CONVERSION = YES;
				CLANG_WARN_OBJC_IMPLICIT_RETAIN_SELF = YES;
				CLANG_WARN_OBJC_LITERAL_CONVERSION = YES;
				CLANG_WARN_OBJC_ROOT_CLASS = YES_ERROR;
				CLANG_WARN_QUOTED_INCLUDE_IN_FRAMEWORK_HEADER = YES;
				CLANG_WARN_RANGE_LOOP_ANALYSIS = YES;
				CLANG_WARN_STRICT_PROTOTYPES = YES;
				CLANG_WARN_SUSPICIOUS_MOVE = YES;
				CLANG_WARN_UNGUARDED_AVAILABILITY = YES_AGGRESSIVE;
				CLANG_WARN_UNREACHABLE_CODE = YES;
				CLANG_WARN__DUPLICATE_METHOD_MATCH = YES;
				COPY_PHASE_STRIP = NO;
				DEBUG_INFORMATION_FORMAT = "dwarf-with-dsym";
				ENABLE_NS_ASSERTIONS = NO;
				ENABLE_STRICT_OBJC_MSGSEND = YES;
				GCC_C_LANGUAGE_STANDARD = gnu11;
				GCC_NO_COMMON_BLOCKS = YES;
				GCC_WARN_64_TO_32_BIT_CONVERSION = YES;
				GCC_WARN_ABOUT_RETURN_TYPE = YES_ERROR;
				GCC_WARN_UNDECLARED_SELECTOR = YES;
				GCC_WARN_UNINITIALIZED_AUTOS = YES_AGGRESSIVE;
				GCC_WARN_UNUSED_FUNCTION = YES;
				GCC_WARN_UNUSED_VARIABLE = YES;
				IPHONEOS_DEPLOYMENT_TARGET = 16.4;
				MTL_ENABLE_DEBUG_INFO = NO;
				MTL_FAST_MATH = YES;
				SDKROOT = iphoneos;
				SWIFT_COMPILATION_MODE = wholemodule;
				SWIFT_OPTIMIZATION_LEVEL = "-O";
				VALIDATE_PRODUCT = YES;
			};
			name = Release;
		};
		4B59EF182A0CD8E8009367E3 /* Debug */ = {
			isa = XCBuildConfiguration;
			buildSettings = {
				ASSETCATALOG_COMPILER_APPICON_NAME = AppIcon;
				ASSETCATALOG_COMPILER_GLOBAL_ACCENT_COLOR_NAME = AccentColor;
				CODE_SIGN_STYLE = Automatic;
				CURRENT_PROJECT_VERSION = 1;
				DEVELOPMENT_ASSET_PATHS = "\"StoreReaderDemo/Preview Content\"";
				ENABLE_PREVIEWS = YES;
				GENERATE_INFOPLIST_FILE = YES;
				INFOPLIST_KEY_UIApplicationSceneManifest_Generation = YES;
				INFOPLIST_KEY_UIApplicationSupportsIndirectInputEvents = YES;
				INFOPLIST_KEY_UILaunchScreen_Generation = YES;
				INFOPLIST_KEY_UISupportedInterfaceOrientations_iPad = "UIInterfaceOrientationPortrait UIInterfaceOrientationPortraitUpsideDown UIInterfaceOrientationLandscapeLeft UIInterfaceOrientationLandscapeRight";
				INFOPLIST_KEY_UISupportedInterfaceOrientations_iPhone = "UIInterfaceOrientationPortrait UIInterfaceOrientationLandscapeLeft UIInterfaceOrientationLandscapeRight";
				IPHONEOS_DEPLOYMENT_TARGET = 14.0;
				LD_RUNPATH_SEARCH_PATHS = (
					"$(inherited)",
					"@executable_path/Frameworks",
				);
				MARKETING_VERSION = 1.0;
				PRODUCT_BUNDLE_IDENTIFIER = app.muukii.StoreReaderDemo;
				PRODUCT_NAME = "$(TARGET_NAME)";
				SWIFT_EMIT_LOC_STRINGS = YES;
				SWIFT_VERSION = 5.0;
				TARGETED_DEVICE_FAMILY = "1,2";
			};
			name = Debug;
		};
		4B59EF192A0CD8E8009367E3 /* Release */ = {
			isa = XCBuildConfiguration;
			buildSettings = {
				ASSETCATALOG_COMPILER_APPICON_NAME = AppIcon;
				ASSETCATALOG_COMPILER_GLOBAL_ACCENT_COLOR_NAME = AccentColor;
				CODE_SIGN_STYLE = Automatic;
				CURRENT_PROJECT_VERSION = 1;
				DEVELOPMENT_ASSET_PATHS = "\"StoreReaderDemo/Preview Content\"";
				ENABLE_PREVIEWS = YES;
				GENERATE_INFOPLIST_FILE = YES;
				INFOPLIST_KEY_UIApplicationSceneManifest_Generation = YES;
				INFOPLIST_KEY_UIApplicationSupportsIndirectInputEvents = YES;
				INFOPLIST_KEY_UILaunchScreen_Generation = YES;
				INFOPLIST_KEY_UISupportedInterfaceOrientations_iPad = "UIInterfaceOrientationPortrait UIInterfaceOrientationPortraitUpsideDown UIInterfaceOrientationLandscapeLeft UIInterfaceOrientationLandscapeRight";
				INFOPLIST_KEY_UISupportedInterfaceOrientations_iPhone = "UIInterfaceOrientationPortrait UIInterfaceOrientationLandscapeLeft UIInterfaceOrientationLandscapeRight";
				IPHONEOS_DEPLOYMENT_TARGET = 14.0;
				LD_RUNPATH_SEARCH_PATHS = (
					"$(inherited)",
					"@executable_path/Frameworks",
				);
				MARKETING_VERSION = 1.0;
				PRODUCT_BUNDLE_IDENTIFIER = app.muukii.StoreReaderDemo;
				PRODUCT_NAME = "$(TARGET_NAME)";
				SWIFT_EMIT_LOC_STRINGS = YES;
				SWIFT_VERSION = 5.0;
				TARGETED_DEVICE_FAMILY = "1,2";
			};
			name = Release;
		};
/* End XCBuildConfiguration section */

/* Begin XCConfigurationList section */
		4B59EF042A0CD8E7009367E3 /* Build configuration list for PBXProject "StoreReaderDemo" */ = {
			isa = XCConfigurationList;
			buildConfigurations = (
				4B59EF152A0CD8E8009367E3 /* Debug */,
				4B59EF162A0CD8E8009367E3 /* Release */,
			);
			defaultConfigurationIsVisible = 0;
			defaultConfigurationName = Release;
		};
		4B59EF172A0CD8E8009367E3 /* Build configuration list for PBXNativeTarget "StoreReaderDemo" */ = {
			isa = XCConfigurationList;
			buildConfigurations = (
				4B59EF182A0CD8E8009367E3 /* Debug */,
				4B59EF192A0CD8E8009367E3 /* Release */,
			);
			defaultConfigurationIsVisible = 0;
			defaultConfigurationName = Release;
		};
/* End XCConfigurationList section */

/* Begin XCRemoteSwiftPackageReference section */
		4B59EF1B2A0CD91F009367E3 /* XCRemoteSwiftPackageReference "swiftui-hosting" */ = {
			isa = XCRemoteSwiftPackageReference;
			repositoryURL = "https://github.com/FluidGroup/swiftui-hosting.git";
			requirement = {
				kind = upToNextMajorVersion;
				minimumVersion = 1.0.0;
			};
		};
/* End XCRemoteSwiftPackageReference section */

/* Begin XCSwiftPackageProductDependency section */
		4B59EF1C2A0CD91F009367E3 /* SwiftUIHosting */ = {
			isa = XCSwiftPackageProductDependency;
			package = 4B59EF1B2A0CD91F009367E3 /* XCRemoteSwiftPackageReference "swiftui-hosting" */;
			productName = SwiftUIHosting;
		};
		4BDE18332A0CD9D700BC133B /* Verge */ = {
			isa = XCSwiftPackageProductDependency;
			productName = Verge;
		};
/* End XCSwiftPackageProductDependency section */
	};
	rootObject = 4B59EF012A0CD8E7009367E3 /* Project object */;
}
