{
  "originHash" : "ecfec498a908db010e660e48b75d5a1ce19567910fa80593c45de88a399e36fc",
  "pins" : [
    {
      "identity" : "normalization",
      "kind" : "remoteSourceControl",
      "location" : "https://github.com/VergeGroup/Normalization",
      "state" : {
        "revision" : "a13a65cb2c86e4c3f891b3799f05b12300a9e78b",
        "version" : "1.2.1"
      }
    },
    {
      "identity" : "rxswift",
      "kind" : "remoteSourceControl",
      "location" : "https://github.com/ReactiveX/RxSwift.git",
      "state" : {
        "revision" : "5949cbd3d4f3f97968bb40b6cd232f8315c6341c",
        "version" : "6.7.0"
      }
    },
    {
      "identity" : "swift-atomics",
      "kind" : "remoteSourceControl",
      "location" : "https://github.com/apple/swift-atomics.git",
      "state" : {
        "revision" : "cd142fd2f64be2100422d658e7411e39489da985",
        "version" : "1.2.0"
      }
    },
    {
      "identity" : "swift-collections",
      "kind" : "remoteSourceControl",
      "location" : "https://github.com/apple/swift-collections",
      "state" : {
        "revision" : "94cf62b3ba8d4bed62680a282d4c25f9c63c2efb",
        "version" : "1.1.0"
      }
    },
    {
      "identity" : "swift-concurrency-task-manager",
      "kind" : "remoteSourceControl",
      "location" : "https://github.com/VergeGroup/swift-concurrency-task-manager",
      "state" : {
        "revision" : "340cf14e0282977deeeb436605d1810ce4f4fbc9",
        "version" : "1.4.0"
      }
    },
    {
      "identity" : "swift-macro-state-struct",
      "kind" : "remoteSourceControl",
      "location" : "https://github.com/VergeGroup/swift-macro-state-struct",
      "state" : {
        "revision" : "d6d38b060968c25977b4333e35480e32f035d1fb",
        "version" : "2.3.1"
      }
    },
    {
      "identity" : "swift-macro-testing",
      "kind" : "remoteSourceControl",
      "location" : "https://github.com/pointfreeco/swift-macro-testing.git",
      "state" : {
        "revision" : "20c1a8f3b624fb5d1503eadcaa84743050c350f4",
        "version" : "0.5.2"
      }
    },
    {
      "identity" : "swift-snapshot-testing",
      "kind" : "remoteSourceControl",
      "location" : "https://github.com/pointfreeco/swift-snapshot-testing",
      "state" : {
        "revision" : "7b0bbbae90c41f848f90ac7b4df6c4f50068256d",
        "version" : "1.17.5"
      }
    },
    {
      "identity" : "swift-syntax",
      "kind" : "remoteSourceControl",
      "location" : "https://github.com/swiftlang/swift-syntax.git",
      "state" : {
        "revision" : "0687f71944021d616d34d922343dcef086855920",
        "version" : "600.0.1"
      }
    },
    {
      "identity" : "swift-typed-identifier",
      "kind" : "remoteSourceControl",
      "location" : "https://github.com/VergeGroup/swift-typed-identifier",
      "state" : {
        "revision" : "ea7afa2ce943c6bf3ef87d385c8a6e9f67fea4f3",
        "version" : "2.0.4"
      }
    },
    {
      "identity" : "typedcomparator",
      "kind" : "remoteSourceControl",
      "location" : "https://github.com/VergeGroup/TypedComparator",
      "state" : {
        "revision" : "337ce0e573e7637ddd29392cb88c3b852f042c8e",
        "version" : "1.0.0"
      }
    },
    {
      "identity" : "viewinspector",
      "kind" : "remoteSourceControl",
      "location" : "https://github.com/nalexn/ViewInspector.git",
      "state" : {
        "revision" : "5acfa0a3c095ac9ad050abe51c60d1831e8321da",
        "version" : "0.10.0"
      }
    }
  ],
  "version" : 3
}
