PODS:
  - FlatStore (0.0.1)
  - JAYSON (2.1.0)
  - Reveal-SDK (24)

DEPENDENCIES:
  - "FlatStore (from `git@github.com:eure/FlatStore`, branch `master`)"
  - JAYSON
  - Reveal-SDK

SPEC REPOS:
  https://github.com/cocoapods/specs.git:
    - JAYSON
    - Reveal-SDK

EXTERNAL SOURCES:
  FlatStore:
    :branch: master
    :git: "git@github.com:eure/FlatStore"

CHECKOUT OPTIONS:
  FlatStore:
    :commit: 0c347d653d5f2e0e226b7ef3a355ae25278ed9ee
    :git: "git@github.com:eure/FlatStore"

SPEC CHECKSUMS:
  FlatStore: e1ffd1f6e1aee5fa7b2ee7c35b08ced9bb5603ee
  JAYSON: 4280ff193d900fb11314434affac47673507757e
  Reveal-SDK: 5d7e56b8f018c0a88b3a2c10bf68d598bbd3b071

PODFILE CHECKSUM: 216315eff6fec1a58f6bcf54ddd337e06694b657

COCOAPODS: 1.7.5
