{
  "object": {
    "pins": [
      {
        "package": "CombineExt",
        "repositoryURL": "git@github.com:CombineCommunity/CombineExt.git",
        "state": {
          "branch": null,
          "revision": "6664678135c6aec049c887a51c9da2545f184882",
          "version": "1.2.0"
        }
      },
      {
        "package": "RxSwift",
        "repositoryURL": "git@github.com:ReactiveX/RxSwift.git",
        "state": {
          "branch": null,
          "revision": "002d325b0bdee94e7882e1114af5ff4fe1e96afa",
          "version": "5.1.1"
        }
      }
    ]
  },
  "version": 1
}
