{
  "originHash" : "91b2bd4d42ac7a19338699d5fcae987277fc6461718b80e90459a6235bafabb2",
  "pins" : [
    {
      "identity" : "normalization",
      "kind" : "remoteSourceControl",
      "location" : "https://github.com/VergeGroup/Normalization",
      "state" : {
        "revision" : "6e7cb1ddeda4d0f1d2fbf8ca6d25ecd8ed6ba917",
        "version" : "1.1.0"
      }
    },
    {
      "identity" : "rxswift",
      "kind" : "remoteSourceControl",
      "location" : "https://github.com/ReactiveX/RxSwift.git",
      "state" : {
        "revision" : "c7c7d2cf50a3211fe2843f76869c698e4e417930",
        "version" : "6.8.0"
      }
    },
    {
      "identity" : "swift-atomics",
      "kind" : "remoteSourceControl",
      "location" : "https://github.com/apple/swift-atomics.git",
      "state" : {
        "revision" : "cd142fd2f64be2100422d658e7411e39489da985",
        "version" : "1.2.0"
      }
    },
    {
      "identity" : "swift-collections",
      "kind" : "remoteSourceControl",
      "location" : "https://github.com/apple/swift-collections",
      "state" : {
        "revision" : "671108c96644956dddcd89dd59c203dcdb36cec7",
        "version" : "1.1.4"
      }
    },
    {
      "identity" : "swift-concurrency-task-manager",
      "kind" : "remoteSourceControl",
      "location" : "https://github.com/VergeGroup/swift-concurrency-task-manager",
      "state" : {
        "revision" : "340cf14e0282977deeeb436605d1810ce4f4fbc9",
        "version" : "1.4.0"
      }
    },
    {
      "identity" : "swift-macro-state-struct",
      "kind" : "remoteSourceControl",
      "location" : "https://github.com/VergeGroup/swift-macro-state-struct",
      "state" : {
        "branch" : "main",
        "revision" : "88e3937abd26b76bafe9027938538966457f156f"
      }
    },
    {
      "identity" : "swift-syntax",
      "kind" : "remoteSourceControl",
      "location" : "https://github.com/apple/swift-syntax.git",
      "state" : {
        "revision" : "0687f71944021d616d34d922343dcef086855920",
        "version" : "600.0.1"
      }
    },
    {
      "identity" : "typedcomparator",
      "kind" : "remoteSourceControl",
      "location" : "https://github.com/VergeGroup/TypedComparator",
      "state" : {
        "revision" : "337ce0e573e7637ddd29392cb88c3b852f042c8e",
        "version" : "1.0.0"
      }
    },
    {
      "identity" : "typedidentifier",
      "kind" : "remoteSourceControl",
      "location" : "https://github.com/VergeGroup/TypedIdentifier",
      "state" : {
        "revision" : "284340409ba47858a1b3c353dcef9c21303953db",
        "version" : "2.0.3"
      }
    }
  ],
  "version" : 3
}
