PODS:
  - Alamofire (5.2.1)
  - Bulk/Bulk (0.7.0)
  - Bulk/BulkLogger (0.7.0):
    - Bulk/Bulk
  - JAYSON (2.1.0)
  - Moya (14.0.0):
    - Moya/Core (= 14.0.0)
  - Moya/Core (14.0.0):
    - Alamofire (~> 5.0)
  - Realm (10.2.0):
    - Realm/Headers (= 10.2.0)
  - Realm/Headers (10.2.0)
  - RealmSwift (10.2.0):
    - Realm (= 10.2.0)
  - Reveal-SDK (27)

DEPENDENCIES:
  - Bulk/BulkLogger
  - JAYSON
  - Moya
  - RealmSwift
  - Reveal-SDK

SPEC REPOS:
  trunk:
    - Alamofire
    - Bulk
    - JAYSON
    - Moya
    - Realm
    - RealmSwift
    - Reveal-SDK

SPEC CHECKSUMS:
  Alamofire: e911732990610fe89af59ac0077f923d72dc3dfd
  Bulk: b63db26d327f9d6dd57ab09568ad5152f9d6337d
  JAYSON: 4280ff193d900fb11314434affac47673507757e
  Moya: 5b45dacb75adb009f97fde91c204c1e565d31916
  Realm: d7914ebf66bb182469726f997c4c38eff286aab0
  RealmSwift: aad08b7dc8c732b7b5794286e9df83739bf834f1
  Reveal-SDK: 306e2880395ee396f5a8b4c485c3a86dd19866c7

PODFILE CHECKSUM: a3c956eee2afed4aad880f4a1c754774ef88d76f

COCOAPODS: 1.10.0
